
Microsoft Visual Studio Solution File, Format Version 12.00
# Visual Studio 15
VisualStudioVersion = 15.0.28307.421
MinimumVisualStudioVersion = 10.0.40219.1
Project("{9A19103F-16F7-4668-BE54-9A1E7A4F7556}") = "xmlchecker", "xmlchecker\xmlchecker.csproj", "{439C0D91-6267-4121-AC39-69C04C0DD924}"
EndProject
Project("{9A19103F-16F7-4668-BE54-9A1E7A4F7556}") = "xmlchecker.Tests", "xmlchecker.Tests\xmlchecker.Tests.csproj", "{99E59EE3-9EA2-42B6-8BE5-32FB30E16C09}"
EndProject
Global
	GlobalSection(SolutionConfigurationPlatforms) = preSolution
		Debug|Any CPU = Debug|Any CPU
		Release|Any CPU = Release|Any CPU
	EndGlobalSection
	GlobalSection(ProjectConfigurationPlatforms) = postSolution
		{439C0D91-6267-4121-AC39-69C04C0DD924}.Debug|Any CPU.ActiveCfg = Debug|Any CPU
		{439C0D91-6267-4121-AC39-69C04C0DD924}.Debug|Any CPU.Build.0 = Debug|Any CPU
		{439C0D91-6267-4121-AC39-69C04C0DD924}.Release|Any CPU.ActiveCfg = Release|Any CPU
		{439C0D91-6267-4121-AC39-69C04C0DD924}.Release|Any CPU.Build.0 = Release|Any CPU
		{99E59EE3-9EA2-42B6-8BE5-32FB30E16C09}.Debug|Any CPU.ActiveCfg = Debug|Any CPU
		{99E59EE3-9EA2-42B6-8BE5-32FB30E16C09}.Debug|Any CPU.Build.0 = Debug|Any CPU
		{99E59EE3-9EA2-42B6-8BE5-32FB30E16C09}.Release|Any CPU.ActiveCfg = Release|Any CPU
		{99E59EE3-9EA2-42B6-8BE5-32FB30E16C09}.Release|Any CPU.Build.0 = Release|Any CPU
	EndGlobalSection
	GlobalSection(SolutionProperties) = preSolution
		HideSolutionNode = FALSE
	EndGlobalSection
	GlobalSection(ExtensibilityGlobals) = postSolution
		SolutionGuid = {31C52791-4425-42F5-8B45-AC78AE2897AB}
	EndGlobalSection
EndGlobal
